
Microsoft Visual Studio Solution File, Format Version 12.00
# Visual Studio 14
VisualStudioVersion = 14.0.23107.0
MinimumVisualStudioVersion = 10.0.40219.1
Project("{2150E333-8FDC-42A3-9474-1A3956D46DE8}") = "Data", "Data", "{E7443831-D039-4B70-A6DA-1D5E9D9BBE9B}"
EndProject
Project("{FAE04EC0-301F-11D3-BF4B-00C04F79EFBC}") = "Auction.Models", "Auction.Models\Auction.Models.csproj", "{84300E0C-10F9-419B-B815-5FC984B1D6EA}"
EndProject
Project("{FAE04EC0-301F-11D3-BF4B-00C04F79EFBC}") = "Auction.Data", "Auction.Data\Auction.Data.csproj", "{0185B903-31C6-43B8-82B3-EDD95D396EB0}"
EndProject
Project("{2150E333-8FDC-42A3-9474-1A3956D46DE8}") = "Web", "Web", "{F49F95DB-4E79-4A44-9E99-AF82690FFE2E}"
EndProject
Project("{FAE04EC0-301F-11D3-BF4B-00C04F79EFBC}") = "Auction.Web", "Auction.Web\Auction.Web.csproj", "{DD955949-8E92-4516-BCDB-CF134B7B7E33}"
EndProject
Project("{FAE04EC0-301F-11D3-BF4B-00C04F79EFBC}") = "Auction.Web.Tests", "Auction.Web.Tests\Auction.Web.Tests.csproj", "{6215AE2D-1F33-463F-9BBF-0ED55E5BB8DD}"
EndProject
Global
	GlobalSection(SolutionConfigurationPlatforms) = preSolution
		Debug|Any CPU = Debug|Any CPU
		Release|Any CPU = Release|Any CPU
	EndGlobalSection
	GlobalSection(ProjectConfigurationPlatforms) = postSolution
		{84300E0C-10F9-419B-B815-5FC984B1D6EA}.Debug|Any CPU.ActiveCfg = Debug|Any CPU
		{84300E0C-10F9-419B-B815-5FC984B1D6EA}.Debug|Any CPU.Build.0 = Debug|Any CPU
		{84300E0C-10F9-419B-B815-5FC984B1D6EA}.Release|Any CPU.ActiveCfg = Release|Any CPU
		{84300E0C-10F9-419B-B815-5FC984B1D6EA}.Release|Any CPU.Build.0 = Release|Any CPU
		{0185B903-31C6-43B8-82B3-EDD95D396EB0}.Debug|Any CPU.ActiveCfg = Debug|Any CPU
		{0185B903-31C6-43B8-82B3-EDD95D396EB0}.Debug|Any CPU.Build.0 = Debug|Any CPU
		{0185B903-31C6-43B8-82B3-EDD95D396EB0}.Release|Any CPU.ActiveCfg = Release|Any CPU
		{0185B903-31C6-43B8-82B3-EDD95D396EB0}.Release|Any CPU.Build.0 = Release|Any CPU
		{DD955949-8E92-4516-BCDB-CF134B7B7E33}.Debug|Any CPU.ActiveCfg = Debug|Any CPU
		{DD955949-8E92-4516-BCDB-CF134B7B7E33}.Debug|Any CPU.Build.0 = Debug|Any CPU
		{DD955949-8E92-4516-BCDB-CF134B7B7E33}.Release|Any CPU.ActiveCfg = Release|Any CPU
		{DD955949-8E92-4516-BCDB-CF134B7B7E33}.Release|Any CPU.Build.0 = Release|Any CPU
		{6215AE2D-1F33-463F-9BBF-0ED55E5BB8DD}.Debug|Any CPU.ActiveCfg = Debug|Any CPU
		{6215AE2D-1F33-463F-9BBF-0ED55E5BB8DD}.Debug|Any CPU.Build.0 = Debug|Any CPU
		{6215AE2D-1F33-463F-9BBF-0ED55E5BB8DD}.Release|Any CPU.ActiveCfg = Release|Any CPU
		{6215AE2D-1F33-463F-9BBF-0ED55E5BB8DD}.Release|Any CPU.Build.0 = Release|Any CPU
	EndGlobalSection
	GlobalSection(SolutionProperties) = preSolution
		HideSolutionNode = FALSE
	EndGlobalSection
	GlobalSection(NestedProjects) = preSolution
		{84300E0C-10F9-419B-B815-5FC984B1D6EA} = {E7443831-D039-4B70-A6DA-1D5E9D9BBE9B}
		{0185B903-31C6-43B8-82B3-EDD95D396EB0} = {E7443831-D039-4B70-A6DA-1D5E9D9BBE9B}
		{DD955949-8E92-4516-BCDB-CF134B7B7E33} = {F49F95DB-4E79-4A44-9E99-AF82690FFE2E}
		{6215AE2D-1F33-463F-9BBF-0ED55E5BB8DD} = {F49F95DB-4E79-4A44-9E99-AF82690FFE2E}
	EndGlobalSection
EndGlobal
